
Microsoft Visual Studio Solution File, Format Version 12.00
# Visual Studio 14
VisualStudioVersion = 14.0.25123.0
MinimumVisualStudioVersion = 10.0.40219.1
Project("{FAE04EC0-301F-11D3-BF4B-00C04F79EFBC}") = "SM64 Diagnostic", "SM64 Diagnostic\SM64 Diagnostic.csproj", "{D309A4ED-54AF-4BC7-83CA-BCD38543AEB3}"
EndProject
Global
	GlobalSection(SolutionConfigurationPlatforms) = preSolution
		Debug|Any CPU = Debug|Any CPU
		Release|Any CPU = Release|Any CPU
	EndGlobalSection
	GlobalSection(ProjectConfigurationPlatforms) = postSolution
		{D309A4ED-54AF-4BC7-83CA-BCD38543AEB3}.Debug|Any CPU.ActiveCfg = Debug|Any CPU
		{D309A4ED-54AF-4BC7-83CA-BCD38543AEB3}.Debug|Any CPU.Build.0 = Debug|Any CPU
		{D309A4ED-54AF-4BC7-83CA-BCD38543AEB3}.Release|Any CPU.ActiveCfg = Release|Any CPU
		{D309A4ED-54AF-4BC7-83CA-BCD38543AEB3}.Release|Any CPU.Build.0 = Release|Any CPU
	EndGlobalSection
	GlobalSection(SolutionProperties) = preSolution
		HideSolutionNode = FALSE
	EndGlobalSection
	GlobalSection(TeamFoundationVersionControl) = preSolution
		SccNumberOfProjects = 2
		SccEnterpriseProvider = {4CA58AB2-18FA-4F8D-95D4-32DDF27D184C}
		SccTeamFoundationServer = https://danedoescoolsh1t.visualstudio.com/
		SccLocalPath0 = .
		SccProjectUniqueName1 = SM64\u0020Diagnostic\\SM64\u0020Diagnostic.csproj
		SccProjectName1 = SM64\u0020Diagnostic
		SccLocalPath1 = SM64\u0020Diagnostic
	EndGlobalSection
EndGlobal
